
Microsoft Visual Studio Solution File, Format Version 12.00
# Visual Studio Version 17
VisualStudioVersion = 17.0.31903.59
MinimumVisualStudioVersion = 10.0.40219.1
Project("{FAE04EC0-301F-11D3-BF4B-00C04F79EFBC}") = "FireworksSimulator", "FireworksSimulator\FireworksSimulator.csproj", "{67878C28-F37F-46B2-8384-334331E43458}"
EndProject
Project("{FAE04EC0-301F-11D3-BF4B-00C04F79EFBC}") = "Fireworks", "Fireworks\Fireworks.csproj", "{DD0E5160-D5D7-49B0-94AA-65DE4AD92887}"
EndProject
Project("{FAE04EC0-301F-11D3-BF4B-00C04F79EFBC}") = "DrawingLibrary", "DrawingLibrary\DrawingLibrary.csproj", "{040BAAD2-6DC2-4112-B089-3AE3908792E5}"
EndProject
Project("{FAE04EC0-301F-11D3-BF4B-00C04F79EFBC}") = "ShapeLibrary", "ShapeLibrary\ShapeLibrary.csproj", "{796FFDEC-EF53-4FBB-BC6E-BF9DBEC3C077}"
EndProject
Project("{FAE04EC0-301F-11D3-BF4B-00C04F79EFBC}") = "ShapeLibraryTests", "ShapeLibraryTests\ShapeLibraryTests.csproj", "{C6D5E872-57C4-4678-8D32-0E51D2318325}"
EndProject
Global
	GlobalSection(SolutionConfigurationPlatforms) = preSolution
		Debug|Any CPU = Debug|Any CPU
		Debug|x64 = Debug|x64
		Debug|x86 = Debug|x86
		Release|Any CPU = Release|Any CPU
		Release|x64 = Release|x64
		Release|x86 = Release|x86
	EndGlobalSection
	GlobalSection(ProjectConfigurationPlatforms) = postSolution
		{67878C28-F37F-46B2-8384-334331E43458}.Debug|Any CPU.ActiveCfg = Debug|Any CPU
		{67878C28-F37F-46B2-8384-334331E43458}.Debug|Any CPU.Build.0 = Debug|Any CPU
		{67878C28-F37F-46B2-8384-334331E43458}.Debug|x64.ActiveCfg = Debug|Any CPU
		{67878C28-F37F-46B2-8384-334331E43458}.Debug|x64.Build.0 = Debug|Any CPU
		{67878C28-F37F-46B2-8384-334331E43458}.Debug|x86.ActiveCfg = Debug|Any CPU
		{67878C28-F37F-46B2-8384-334331E43458}.Debug|x86.Build.0 = Debug|Any CPU
		{67878C28-F37F-46B2-8384-334331E43458}.Release|Any CPU.ActiveCfg = Release|Any CPU
		{67878C28-F37F-46B2-8384-334331E43458}.Release|Any CPU.Build.0 = Release|Any CPU
		{67878C28-F37F-46B2-8384-334331E43458}.Release|x64.ActiveCfg = Release|Any CPU
		{67878C28-F37F-46B2-8384-334331E43458}.Release|x64.Build.0 = Release|Any CPU
		{67878C28-F37F-46B2-8384-334331E43458}.Release|x86.ActiveCfg = Release|Any CPU
		{67878C28-F37F-46B2-8384-334331E43458}.Release|x86.Build.0 = Release|Any CPU
		{DD0E5160-D5D7-49B0-94AA-65DE4AD92887}.Debug|Any CPU.ActiveCfg = Debug|Any CPU
		{DD0E5160-D5D7-49B0-94AA-65DE4AD92887}.Debug|Any CPU.Build.0 = Debug|Any CPU
		{DD0E5160-D5D7-49B0-94AA-65DE4AD92887}.Debug|x64.ActiveCfg = Debug|Any CPU
		{DD0E5160-D5D7-49B0-94AA-65DE4AD92887}.Debug|x64.Build.0 = Debug|Any CPU
		{DD0E5160-D5D7-49B0-94AA-65DE4AD92887}.Debug|x86.ActiveCfg = Debug|Any CPU
		{DD0E5160-D5D7-49B0-94AA-65DE4AD92887}.Debug|x86.Build.0 = Debug|Any CPU
		{DD0E5160-D5D7-49B0-94AA-65DE4AD92887}.Release|Any CPU.ActiveCfg = Release|Any CPU
		{DD0E5160-D5D7-49B0-94AA-65DE4AD92887}.Release|Any CPU.Build.0 = Release|Any CPU
		{DD0E5160-D5D7-49B0-94AA-65DE4AD92887}.Release|x64.ActiveCfg = Release|Any CPU
		{DD0E5160-D5D7-49B0-94AA-65DE4AD92887}.Release|x64.Build.0 = Release|Any CPU
		{DD0E5160-D5D7-49B0-94AA-65DE4AD92887}.Release|x86.ActiveCfg = Release|Any CPU
		{DD0E5160-D5D7-49B0-94AA-65DE4AD92887}.Release|x86.Build.0 = Release|Any CPU
		{040BAAD2-6DC2-4112-B089-3AE3908792E5}.Debug|Any CPU.ActiveCfg = Debug|Any CPU
		{040BAAD2-6DC2-4112-B089-3AE3908792E5}.Debug|Any CPU.Build.0 = Debug|Any CPU
		{040BAAD2-6DC2-4112-B089-3AE3908792E5}.Debug|x64.ActiveCfg = Debug|Any CPU
		{040BAAD2-6DC2-4112-B089-3AE3908792E5}.Debug|x64.Build.0 = Debug|Any CPU
		{040BAAD2-6DC2-4112-B089-3AE3908792E5}.Debug|x86.ActiveCfg = Debug|Any CPU
		{040BAAD2-6DC2-4112-B089-3AE3908792E5}.Debug|x86.Build.0 = Debug|Any CPU
		{040BAAD2-6DC2-4112-B089-3AE3908792E5}.Release|Any CPU.ActiveCfg = Release|Any CPU
		{040BAAD2-6DC2-4112-B089-3AE3908792E5}.Release|Any CPU.Build.0 = Release|Any CPU
		{040BAAD2-6DC2-4112-B089-3AE3908792E5}.Release|x64.ActiveCfg = Release|Any CPU
		{040BAAD2-6DC2-4112-B089-3AE3908792E5}.Release|x64.Build.0 = Release|Any CPU
		{040BAAD2-6DC2-4112-B089-3AE3908792E5}.Release|x86.ActiveCfg = Release|Any CPU
		{040BAAD2-6DC2-4112-B089-3AE3908792E5}.Release|x86.Build.0 = Release|Any CPU
		{796FFDEC-EF53-4FBB-BC6E-BF9DBEC3C077}.Debug|Any CPU.ActiveCfg = Debug|Any CPU
		{796FFDEC-EF53-4FBB-BC6E-BF9DBEC3C077}.Debug|Any CPU.Build.0 = Debug|Any CPU
		{796FFDEC-EF53-4FBB-BC6E-BF9DBEC3C077}.Debug|x64.ActiveCfg = Debug|Any CPU
		{796FFDEC-EF53-4FBB-BC6E-BF9DBEC3C077}.Debug|x64.Build.0 = Debug|Any CPU
		{796FFDEC-EF53-4FBB-BC6E-BF9DBEC3C077}.Debug|x86.ActiveCfg = Debug|Any CPU
		{796FFDEC-EF53-4FBB-BC6E-BF9DBEC3C077}.Debug|x86.Build.0 = Debug|Any CPU
		{796FFDEC-EF53-4FBB-BC6E-BF9DBEC3C077}.Release|Any CPU.ActiveCfg = Release|Any CPU
		{796FFDEC-EF53-4FBB-BC6E-BF9DBEC3C077}.Release|Any CPU.Build.0 = Release|Any CPU
		{796FFDEC-EF53-4FBB-BC6E-BF9DBEC3C077}.Release|x64.ActiveCfg = Release|Any CPU
		{796FFDEC-EF53-4FBB-BC6E-BF9DBEC3C077}.Release|x64.Build.0 = Release|Any CPU
		{796FFDEC-EF53-4FBB-BC6E-BF9DBEC3C077}.Release|x86.ActiveCfg = Release|Any CPU
		{796FFDEC-EF53-4FBB-BC6E-BF9DBEC3C077}.Release|x86.Build.0 = Release|Any CPU
		{C6D5E872-57C4-4678-8D32-0E51D2318325}.Debug|Any CPU.ActiveCfg = Debug|Any CPU
		{C6D5E872-57C4-4678-8D32-0E51D2318325}.Debug|Any CPU.Build.0 = Debug|Any CPU
		{C6D5E872-57C4-4678-8D32-0E51D2318325}.Debug|x64.ActiveCfg = Debug|Any CPU
		{C6D5E872-57C4-4678-8D32-0E51D2318325}.Debug|x64.Build.0 = Debug|Any CPU
		{C6D5E872-57C4-4678-8D32-0E51D2318325}.Debug|x86.ActiveCfg = Debug|Any CPU
		{C6D5E872-57C4-4678-8D32-0E51D2318325}.Debug|x86.Build.0 = Debug|Any CPU
		{C6D5E872-57C4-4678-8D32-0E51D2318325}.Release|Any CPU.ActiveCfg = Release|Any CPU
		{C6D5E872-57C4-4678-8D32-0E51D2318325}.Release|Any CPU.Build.0 = Release|Any CPU
		{C6D5E872-57C4-4678-8D32-0E51D2318325}.Release|x64.ActiveCfg = Release|Any CPU
		{C6D5E872-57C4-4678-8D32-0E51D2318325}.Release|x64.Build.0 = Release|Any CPU
		{C6D5E872-57C4-4678-8D32-0E51D2318325}.Release|x86.ActiveCfg = Release|Any CPU
		{C6D5E872-57C4-4678-8D32-0E51D2318325}.Release|x86.Build.0 = Release|Any CPU
	EndGlobalSection
	GlobalSection(SolutionProperties) = preSolution
		HideSolutionNode = FALSE
	EndGlobalSection
EndGlobal
